
Microsoft Visual Studio Solution File, Format Version 12.00
# Visual Studio Version 17
VisualStudioVersion = 17.3.32922.545
MinimumVisualStudioVersion = 10.0.40219.1
Project("{9A19103F-16F7-4668-BE54-9A1E7A4F7556}") = "SAIM.Services", "SAIM.Services\SAIM.Services.csproj", "{993A4D5D-55E8-4560-8B22-725E6C4D9331}"
	ProjectSection(ProjectDependencies) = postProject
		{6B6764AC-2F14-43D4-AA11-70E0428F9CB4} = {6B6764AC-2F14-43D4-AA11-70E0428F9CB4}
	EndProjectSection
EndProject
Project("{2150E333-8FDC-42A3-9474-1A3956D46DE8}") = "Architecture", "Architecture", "{7CDC5EA2-8876-4A6A-BD80-ED1565554563}"
EndProject
Project("{2150E333-8FDC-42A3-9474-1A3956D46DE8}") = "1. Service", "1. Service", "{ED5EBE2E-90DE-452F-BB6E-BD6162F4780C}"
EndProject
Project("{2150E333-8FDC-42A3-9474-1A3956D46DE8}") = "2. Application", "2. Application", "{FC9B0277-CD47-4B59-B2D6-FE0D3A0E59D3}"
EndProject
Project("{2150E333-8FDC-42A3-9474-1A3956D46DE8}") = "3. Domain", "3. Domain", "{EB8FE68F-1C74-47AE-BC71-00B1F378C3D3}"
EndProject
Project("{9A19103F-16F7-4668-BE54-9A1E7A4F7556}") = "SAIM.Application.Interface", "SAIM.Controller.Interface\SAIM.Application.Interface.csproj", "{D7079024-F924-48DC-9F86-E3D86156FBBB}"
EndProject
Project("{9A19103F-16F7-4668-BE54-9A1E7A4F7556}") = "SAIM.Application.Main", "SAIM.Controller.Main\SAIM.Application.Main.csproj", "{DC595143-E013-4201-8D33-CF5DB7C017BF}"
EndProject
Project("{2150E333-8FDC-42A3-9474-1A3956D46DE8}") = "Repository", "Repository", "{DD553BFB-465C-4CBC-9352-4A55C3E02402}"
EndProject
Project("{9A19103F-16F7-4668-BE54-9A1E7A4F7556}") = "SAIM.Domain.Repository", "SAIM.Domain.Repository\SAIM.Domain.Repository.csproj", "{6B6764AC-2F14-43D4-AA11-70E0428F9CB4}"
EndProject
Project("{2150E333-8FDC-42A3-9474-1A3956D46DE8}") = "Entities", "Entities", "{1DD583F7-8EB6-4703-8E09-381DB8FC85C5}"
EndProject
Project("{9A19103F-16F7-4668-BE54-9A1E7A4F7556}") = "SAIM.Application.Response", "SAIM.Application.Response\SAIM.Application.Response.csproj", "{4BC3457A-490D-45C8-8876-1658657B542E}"
EndProject
Project("{FAE04EC0-301F-11D3-BF4B-00C04F79EFBC}") = "Domain.Entity", "Domain.Entity\Domain.Entity.csproj", "{B324DE5F-7B82-4B80-AE61-47CFAE0FB187}"
EndProject
Global
	GlobalSection(SolutionConfigurationPlatforms) = preSolution
		Debug|Any CPU = Debug|Any CPU
		Release|Any CPU = Release|Any CPU
	EndGlobalSection
	GlobalSection(ProjectConfigurationPlatforms) = postSolution
		{993A4D5D-55E8-4560-8B22-725E6C4D9331}.Debug|Any CPU.ActiveCfg = Debug|Any CPU
		{993A4D5D-55E8-4560-8B22-725E6C4D9331}.Debug|Any CPU.Build.0 = Debug|Any CPU
		{993A4D5D-55E8-4560-8B22-725E6C4D9331}.Release|Any CPU.ActiveCfg = Release|Any CPU
		{993A4D5D-55E8-4560-8B22-725E6C4D9331}.Release|Any CPU.Build.0 = Release|Any CPU
		{D7079024-F924-48DC-9F86-E3D86156FBBB}.Debug|Any CPU.ActiveCfg = Debug|Any CPU
		{D7079024-F924-48DC-9F86-E3D86156FBBB}.Debug|Any CPU.Build.0 = Debug|Any CPU
		{D7079024-F924-48DC-9F86-E3D86156FBBB}.Release|Any CPU.ActiveCfg = Release|Any CPU
		{D7079024-F924-48DC-9F86-E3D86156FBBB}.Release|Any CPU.Build.0 = Release|Any CPU
		{DC595143-E013-4201-8D33-CF5DB7C017BF}.Debug|Any CPU.ActiveCfg = Debug|Any CPU
		{DC595143-E013-4201-8D33-CF5DB7C017BF}.Debug|Any CPU.Build.0 = Debug|Any CPU
		{DC595143-E013-4201-8D33-CF5DB7C017BF}.Release|Any CPU.ActiveCfg = Release|Any CPU
		{DC595143-E013-4201-8D33-CF5DB7C017BF}.Release|Any CPU.Build.0 = Release|Any CPU
		{6B6764AC-2F14-43D4-AA11-70E0428F9CB4}.Debug|Any CPU.ActiveCfg = Debug|Any CPU
		{6B6764AC-2F14-43D4-AA11-70E0428F9CB4}.Debug|Any CPU.Build.0 = Debug|Any CPU
		{6B6764AC-2F14-43D4-AA11-70E0428F9CB4}.Release|Any CPU.ActiveCfg = Release|Any CPU
		{6B6764AC-2F14-43D4-AA11-70E0428F9CB4}.Release|Any CPU.Build.0 = Release|Any CPU
		{4BC3457A-490D-45C8-8876-1658657B542E}.Debug|Any CPU.ActiveCfg = Debug|Any CPU
		{4BC3457A-490D-45C8-8876-1658657B542E}.Debug|Any CPU.Build.0 = Debug|Any CPU
		{4BC3457A-490D-45C8-8876-1658657B542E}.Release|Any CPU.ActiveCfg = Release|Any CPU
		{4BC3457A-490D-45C8-8876-1658657B542E}.Release|Any CPU.Build.0 = Release|Any CPU
		{B324DE5F-7B82-4B80-AE61-47CFAE0FB187}.Debug|Any CPU.ActiveCfg = Debug|Any CPU
		{B324DE5F-7B82-4B80-AE61-47CFAE0FB187}.Debug|Any CPU.Build.0 = Debug|Any CPU
		{B324DE5F-7B82-4B80-AE61-47CFAE0FB187}.Release|Any CPU.ActiveCfg = Release|Any CPU
		{B324DE5F-7B82-4B80-AE61-47CFAE0FB187}.Release|Any CPU.Build.0 = Release|Any CPU
	EndGlobalSection
	GlobalSection(SolutionProperties) = preSolution
		HideSolutionNode = FALSE
	EndGlobalSection
	GlobalSection(NestedProjects) = preSolution
		{993A4D5D-55E8-4560-8B22-725E6C4D9331} = {ED5EBE2E-90DE-452F-BB6E-BD6162F4780C}
		{ED5EBE2E-90DE-452F-BB6E-BD6162F4780C} = {7CDC5EA2-8876-4A6A-BD80-ED1565554563}
		{FC9B0277-CD47-4B59-B2D6-FE0D3A0E59D3} = {7CDC5EA2-8876-4A6A-BD80-ED1565554563}
		{EB8FE68F-1C74-47AE-BC71-00B1F378C3D3} = {7CDC5EA2-8876-4A6A-BD80-ED1565554563}
		{D7079024-F924-48DC-9F86-E3D86156FBBB} = {FC9B0277-CD47-4B59-B2D6-FE0D3A0E59D3}
		{DC595143-E013-4201-8D33-CF5DB7C017BF} = {FC9B0277-CD47-4B59-B2D6-FE0D3A0E59D3}
		{DD553BFB-465C-4CBC-9352-4A55C3E02402} = {EB8FE68F-1C74-47AE-BC71-00B1F378C3D3}
		{6B6764AC-2F14-43D4-AA11-70E0428F9CB4} = {DD553BFB-465C-4CBC-9352-4A55C3E02402}
		{1DD583F7-8EB6-4703-8E09-381DB8FC85C5} = {EB8FE68F-1C74-47AE-BC71-00B1F378C3D3}
		{4BC3457A-490D-45C8-8876-1658657B542E} = {FC9B0277-CD47-4B59-B2D6-FE0D3A0E59D3}
		{B324DE5F-7B82-4B80-AE61-47CFAE0FB187} = {1DD583F7-8EB6-4703-8E09-381DB8FC85C5}
	EndGlobalSection
	GlobalSection(ExtensibilityGlobals) = postSolution
		SolutionGuid = {2398A88C-37A6-45A7-B55C-570D06D5ACAC}
	EndGlobalSection
EndGlobal
